
Microsoft Visual Studio Solution File, Format Version 12.00
# Visual Studio Version 16
VisualStudioVersion = 16.0.31205.134
MinimumVisualStudioVersion = 10.0.40219.1
Project("{FAE04EC0-301F-11D3-BF4B-00C04F79EFBC}") = "XamaCounter.UWP", "XamaCounter\XamaCounter.UWP\XamaCounter.UWP.csproj", "{157CBC06-37AA-4538-8C10-D65A04927074}"
EndProject
Project("{FAE04EC0-301F-11D3-BF4B-00C04F79EFBC}") = "XamaCounter.Android", "XamaCounter\XamaCounter.Android\XamaCounter.Android.csproj", "{72014918-D950-4BED-937D-45C2C9D2E1CF}"
EndProject
Project("{FAE04EC0-301F-11D3-BF4B-00C04F79EFBC}") = "XamaCounter.iOS", "XamaCounter\XamaCounter.iOS\XamaCounter.iOS.csproj", "{994F270A-AB7C-4025-81A9-1DDD3443C4E1}"
EndProject
Project("{FAE04EC0-301F-11D3-BF4B-00C04F79EFBC}") = "XamaCounter", "XamaCounter\XamaCounter\XamaCounter.csproj", "{8AE52D10-908A-42B1-9E9D-26FC93388A2A}"
EndProject
Global
	GlobalSection(SolutionConfigurationPlatforms) = preSolution
		Debug|Any CPU = Debug|Any CPU
		Debug|ARM = Debug|ARM
		Debug|iPhone = Debug|iPhone
		Debug|iPhoneSimulator = Debug|iPhoneSimulator
		Debug|x64 = Debug|x64
		Debug|x86 = Debug|x86
		Release|Any CPU = Release|Any CPU
		Release|ARM = Release|ARM
		Release|iPhone = Release|iPhone
		Release|iPhoneSimulator = Release|iPhoneSimulator
		Release|x64 = Release|x64
		Release|x86 = Release|x86
	EndGlobalSection
	GlobalSection(ProjectConfigurationPlatforms) = postSolution
		{157CBC06-37AA-4538-8C10-D65A04927074}.Debug|Any CPU.ActiveCfg = Debug|x86
		{157CBC06-37AA-4538-8C10-D65A04927074}.Debug|Any CPU.Build.0 = Debug|x86
		{157CBC06-37AA-4538-8C10-D65A04927074}.Debug|Any CPU.Deploy.0 = Debug|x86
		{157CBC06-37AA-4538-8C10-D65A04927074}.Debug|ARM.ActiveCfg = Debug|ARM
		{157CBC06-37AA-4538-8C10-D65A04927074}.Debug|ARM.Build.0 = Debug|ARM
		{157CBC06-37AA-4538-8C10-D65A04927074}.Debug|ARM.Deploy.0 = Debug|ARM
		{157CBC06-37AA-4538-8C10-D65A04927074}.Debug|iPhone.ActiveCfg = Debug|x86
		{157CBC06-37AA-4538-8C10-D65A04927074}.Debug|iPhone.Build.0 = Debug|x86
		{157CBC06-37AA-4538-8C10-D65A04927074}.Debug|iPhone.Deploy.0 = Debug|x86
		{157CBC06-37AA-4538-8C10-D65A04927074}.Debug|iPhoneSimulator.ActiveCfg = Debug|x86
		{157CBC06-37AA-4538-8C10-D65A04927074}.Debug|iPhoneSimulator.Build.0 = Debug|x86
		{157CBC06-37AA-4538-8C10-D65A04927074}.Debug|iPhoneSimulator.Deploy.0 = Debug|x86
		{157CBC06-37AA-4538-8C10-D65A04927074}.Debug|x64.ActiveCfg = Debug|x64
		{157CBC06-37AA-4538-8C10-D65A04927074}.Debug|x64.Build.0 = Debug|x64
		{157CBC06-37AA-4538-8C10-D65A04927074}.Debug|x64.Deploy.0 = Debug|x64
		{157CBC06-37AA-4538-8C10-D65A04927074}.Debug|x86.ActiveCfg = Debug|x86
		{157CBC06-37AA-4538-8C10-D65A04927074}.Debug|x86.Build.0 = Debug|x86
		{157CBC06-37AA-4538-8C10-D65A04927074}.Debug|x86.Deploy.0 = Debug|x86
		{157CBC06-37AA-4538-8C10-D65A04927074}.Release|Any CPU.ActiveCfg = Release|x86
		{157CBC06-37AA-4538-8C10-D65A04927074}.Release|Any CPU.Build.0 = Release|x86
		{157CBC06-37AA-4538-8C10-D65A04927074}.Release|Any CPU.Deploy.0 = Release|x86
		{157CBC06-37AA-4538-8C10-D65A04927074}.Release|ARM.ActiveCfg = Release|ARM
		{157CBC06-37AA-4538-8C10-D65A04927074}.Release|ARM.Build.0 = Release|ARM
		{157CBC06-37AA-4538-8C10-D65A04927074}.Release|ARM.Deploy.0 = Release|ARM
		{157CBC06-37AA-4538-8C10-D65A04927074}.Release|iPhone.ActiveCfg = Release|x86
		{157CBC06-37AA-4538-8C10-D65A04927074}.Release|iPhone.Build.0 = Release|x86
		{157CBC06-37AA-4538-8C10-D65A04927074}.Release|iPhone.Deploy.0 = Release|x86
		{157CBC06-37AA-4538-8C10-D65A04927074}.Release|iPhoneSimulator.ActiveCfg = Release|x86
		{157CBC06-37AA-4538-8C10-D65A04927074}.Release|iPhoneSimulator.Build.0 = Release|x86
		{157CBC06-37AA-4538-8C10-D65A04927074}.Release|iPhoneSimulator.Deploy.0 = Release|x86
		{157CBC06-37AA-4538-8C10-D65A04927074}.Release|x64.ActiveCfg = Release|x64
		{157CBC06-37AA-4538-8C10-D65A04927074}.Release|x64.Build.0 = Release|x64
		{157CBC06-37AA-4538-8C10-D65A04927074}.Release|x64.Deploy.0 = Release|x64
		{157CBC06-37AA-4538-8C10-D65A04927074}.Release|x86.ActiveCfg = Release|x86
		{157CBC06-37AA-4538-8C10-D65A04927074}.Release|x86.Build.0 = Release|x86
		{157CBC06-37AA-4538-8C10-D65A04927074}.Release|x86.Deploy.0 = Release|x86
		{72014918-D950-4BED-937D-45C2C9D2E1CF}.Debug|Any CPU.ActiveCfg = Debug|Any CPU
		{72014918-D950-4BED-937D-45C2C9D2E1CF}.Debug|Any CPU.Build.0 = Debug|Any CPU
		{72014918-D950-4BED-937D-45C2C9D2E1CF}.Debug|Any CPU.Deploy.0 = Debug|Any CPU
		{72014918-D950-4BED-937D-45C2C9D2E1CF}.Debug|ARM.ActiveCfg = Debug|Any CPU
		{72014918-D950-4BED-937D-45C2C9D2E1CF}.Debug|ARM.Build.0 = Debug|Any CPU
		{72014918-D950-4BED-937D-45C2C9D2E1CF}.Debug|ARM.Deploy.0 = Debug|Any CPU
		{72014918-D950-4BED-937D-45C2C9D2E1CF}.Debug|iPhone.ActiveCfg = Debug|Any CPU
		{72014918-D950-4BED-937D-45C2C9D2E1CF}.Debug|iPhone.Build.0 = Debug|Any CPU
		{72014918-D950-4BED-937D-45C2C9D2E1CF}.Debug|iPhone.Deploy.0 = Debug|Any CPU
		{72014918-D950-4BED-937D-45C2C9D2E1CF}.Debug|iPhoneSimulator.ActiveCfg = Debug|Any CPU
		{72014918-D950-4BED-937D-45C2C9D2E1CF}.Debug|iPhoneSimulator.Build.0 = Debug|Any CPU
		{72014918-D950-4BED-937D-45C2C9D2E1CF}.Debug|iPhoneSimulator.Deploy.0 = Debug|Any CPU
		{72014918-D950-4BED-937D-45C2C9D2E1CF}.Debug|x64.ActiveCfg = Debug|Any CPU
		{72014918-D950-4BED-937D-45C2C9D2E1CF}.Debug|x64.Build.0 = Debug|Any CPU
		{72014918-D950-4BED-937D-45C2C9D2E1CF}.Debug|x64.Deploy.0 = Debug|Any CPU
		{72014918-D950-4BED-937D-45C2C9D2E1CF}.Debug|x86.ActiveCfg = Debug|Any CPU
		{72014918-D950-4BED-937D-45C2C9D2E1CF}.Debug|x86.Build.0 = Debug|Any CPU
		{72014918-D950-4BED-937D-45C2C9D2E1CF}.Debug|x86.Deploy.0 = Debug|Any CPU
		{72014918-D950-4BED-937D-45C2C9D2E1CF}.Release|Any CPU.ActiveCfg = Release|Any CPU
		{72014918-D950-4BED-937D-45C2C9D2E1CF}.Release|Any CPU.Build.0 = Release|Any CPU
		{72014918-D950-4BED-937D-45C2C9D2E1CF}.Release|Any CPU.Deploy.0 = Release|Any CPU
		{72014918-D950-4BED-937D-45C2C9D2E1CF}.Release|ARM.ActiveCfg = Release|Any CPU
		{72014918-D950-4BED-937D-45C2C9D2E1CF}.Release|ARM.Build.0 = Release|Any CPU
		{72014918-D950-4BED-937D-45C2C9D2E1CF}.Release|ARM.Deploy.0 = Release|Any CPU
		{72014918-D950-4BED-937D-45C2C9D2E1CF}.Release|iPhone.ActiveCfg = Release|Any CPU
		{72014918-D950-4BED-937D-45C2C9D2E1CF}.Release|iPhone.Build.0 = Release|Any CPU
		{72014918-D950-4BED-937D-45C2C9D2E1CF}.Release|iPhone.Deploy.0 = Release|Any CPU
		{72014918-D950-4BED-937D-45C2C9D2E1CF}.Release|iPhoneSimulator.ActiveCfg = Release|Any CPU
		{72014918-D950-4BED-937D-45C2C9D2E1CF}.Release|iPhoneSimulator.Build.0 = Release|Any CPU
		{72014918-D950-4BED-937D-45C2C9D2E1CF}.Release|iPhoneSimulator.Deploy.0 = Release|Any CPU
		{72014918-D950-4BED-937D-45C2C9D2E1CF}.Release|x64.ActiveCfg = Release|Any CPU
		{72014918-D950-4BED-937D-45C2C9D2E1CF}.Release|x64.Build.0 = Release|Any CPU
		{72014918-D950-4BED-937D-45C2C9D2E1CF}.Release|x64.Deploy.0 = Release|Any CPU
		{72014918-D950-4BED-937D-45C2C9D2E1CF}.Release|x86.ActiveCfg = Release|Any CPU
		{72014918-D950-4BED-937D-45C2C9D2E1CF}.Release|x86.Build.0 = Release|Any CPU
		{72014918-D950-4BED-937D-45C2C9D2E1CF}.Release|x86.Deploy.0 = Release|Any CPU
		{994F270A-AB7C-4025-81A9-1DDD3443C4E1}.Debug|Any CPU.ActiveCfg = Debug|iPhoneSimulator
		{994F270A-AB7C-4025-81A9-1DDD3443C4E1}.Debug|Any CPU.Build.0 = Debug|iPhoneSimulator
		{994F270A-AB7C-4025-81A9-1DDD3443C4E1}.Debug|Any CPU.Deploy.0 = Debug|iPhoneSimulator
		{994F270A-AB7C-4025-81A9-1DDD3443C4E1}.Debug|ARM.ActiveCfg = Debug|iPhone
		{994F270A-AB7C-4025-81A9-1DDD3443C4E1}.Debug|ARM.Build.0 = Debug|iPhone
		{994F270A-AB7C-4025-81A9-1DDD3443C4E1}.Debug|ARM.Deploy.0 = Debug|iPhone
		{994F270A-AB7C-4025-81A9-1DDD3443C4E1}.Debug|iPhone.ActiveCfg = Debug|iPhone
		{994F270A-AB7C-4025-81A9-1DDD3443C4E1}.Debug|iPhone.Build.0 = Debug|iPhone
		{994F270A-AB7C-4025-81A9-1DDD3443C4E1}.Debug|iPhone.Deploy.0 = Debug|iPhone
		{994F270A-AB7C-4025-81A9-1DDD3443C4E1}.Debug|iPhoneSimulator.ActiveCfg = Debug|iPhoneSimulator
		{994F270A-AB7C-4025-81A9-1DDD3443C4E1}.Debug|iPhoneSimulator.Build.0 = Debug|iPhoneSimulator
		{994F270A-AB7C-4025-81A9-1DDD3443C4E1}.Debug|iPhoneSimulator.Deploy.0 = Debug|iPhoneSimulator
		{994F270A-AB7C-4025-81A9-1DDD3443C4E1}.Debug|x64.ActiveCfg = Debug|iPhoneSimulator
		{994F270A-AB7C-4025-81A9-1DDD3443C4E1}.Debug|x64.Build.0 = Debug|iPhoneSimulator
		{994F270A-AB7C-4025-81A9-1DDD3443C4E1}.Debug|x64.Deploy.0 = Debug|iPhoneSimulator
		{994F270A-AB7C-4025-81A9-1DDD3443C4E1}.Debug|x86.ActiveCfg = Debug|iPhoneSimulator
		{994F270A-AB7C-4025-81A9-1DDD3443C4E1}.Debug|x86.Build.0 = Debug|iPhoneSimulator
		{994F270A-AB7C-4025-81A9-1DDD3443C4E1}.Debug|x86.Deploy.0 = Debug|iPhoneSimulator
		{994F270A-AB7C-4025-81A9-1DDD3443C4E1}.Release|Any CPU.ActiveCfg = Release|iPhoneSimulator
		{994F270A-AB7C-4025-81A9-1DDD3443C4E1}.Release|Any CPU.Build.0 = Release|iPhoneSimulator
		{994F270A-AB7C-4025-81A9-1DDD3443C4E1}.Release|Any CPU.Deploy.0 = Release|iPhoneSimulator
		{994F270A-AB7C-4025-81A9-1DDD3443C4E1}.Release|ARM.ActiveCfg = Release|iPhoneSimulator
		{994F270A-AB7C-4025-81A9-1DDD3443C4E1}.Release|ARM.Build.0 = Release|iPhoneSimulator
		{994F270A-AB7C-4025-81A9-1DDD3443C4E1}.Release|ARM.Deploy.0 = Release|iPhoneSimulator
		{994F270A-AB7C-4025-81A9-1DDD3443C4E1}.Release|iPhone.ActiveCfg = Release|iPhone
		{994F270A-AB7C-4025-81A9-1DDD3443C4E1}.Release|iPhone.Build.0 = Release|iPhone
		{994F270A-AB7C-4025-81A9-1DDD3443C4E1}.Release|iPhone.Deploy.0 = Release|iPhone
		{994F270A-AB7C-4025-81A9-1DDD3443C4E1}.Release|iPhoneSimulator.ActiveCfg = Release|iPhoneSimulator
		{994F270A-AB7C-4025-81A9-1DDD3443C4E1}.Release|iPhoneSimulator.Build.0 = Release|iPhoneSimulator
		{994F270A-AB7C-4025-81A9-1DDD3443C4E1}.Release|iPhoneSimulator.Deploy.0 = Release|iPhoneSimulator
		{994F270A-AB7C-4025-81A9-1DDD3443C4E1}.Release|x64.ActiveCfg = Release|iPhoneSimulator
		{994F270A-AB7C-4025-81A9-1DDD3443C4E1}.Release|x64.Build.0 = Release|iPhoneSimulator
		{994F270A-AB7C-4025-81A9-1DDD3443C4E1}.Release|x64.Deploy.0 = Release|iPhoneSimulator
		{994F270A-AB7C-4025-81A9-1DDD3443C4E1}.Release|x86.ActiveCfg = Release|iPhoneSimulator
		{994F270A-AB7C-4025-81A9-1DDD3443C4E1}.Release|x86.Build.0 = Release|iPhoneSimulator
		{994F270A-AB7C-4025-81A9-1DDD3443C4E1}.Release|x86.Deploy.0 = Release|iPhoneSimulator
		{8AE52D10-908A-42B1-9E9D-26FC93388A2A}.Debug|Any CPU.ActiveCfg = Debug|Any CPU
		{8AE52D10-908A-42B1-9E9D-26FC93388A2A}.Debug|Any CPU.Build.0 = Debug|Any CPU
		{8AE52D10-908A-42B1-9E9D-26FC93388A2A}.Debug|Any CPU.Deploy.0 = Debug|Any CPU
		{8AE52D10-908A-42B1-9E9D-26FC93388A2A}.Debug|ARM.ActiveCfg = Debug|Any CPU
		{8AE52D10-908A-42B1-9E9D-26FC93388A2A}.Debug|ARM.Build.0 = Debug|Any CPU
		{8AE52D10-908A-42B1-9E9D-26FC93388A2A}.Debug|ARM.Deploy.0 = Debug|Any CPU
		{8AE52D10-908A-42B1-9E9D-26FC93388A2A}.Debug|iPhone.ActiveCfg = Debug|Any CPU
		{8AE52D10-908A-42B1-9E9D-26FC93388A2A}.Debug|iPhone.Build.0 = Debug|Any CPU
		{8AE52D10-908A-42B1-9E9D-26FC93388A2A}.Debug|iPhone.Deploy.0 = Debug|Any CPU
		{8AE52D10-908A-42B1-9E9D-26FC93388A2A}.Debug|iPhoneSimulator.ActiveCfg = Debug|Any CPU
		{8AE52D10-908A-42B1-9E9D-26FC93388A2A}.Debug|iPhoneSimulator.Build.0 = Debug|Any CPU
		{8AE52D10-908A-42B1-9E9D-26FC93388A2A}.Debug|iPhoneSimulator.Deploy.0 = Debug|Any CPU
		{8AE52D10-908A-42B1-9E9D-26FC93388A2A}.Debug|x64.ActiveCfg = Debug|Any CPU
		{8AE52D10-908A-42B1-9E9D-26FC93388A2A}.Debug|x64.Build.0 = Debug|Any CPU
		{8AE52D10-908A-42B1-9E9D-26FC93388A2A}.Debug|x64.Deploy.0 = Debug|Any CPU
		{8AE52D10-908A-42B1-9E9D-26FC93388A2A}.Debug|x86.ActiveCfg = Debug|Any CPU
		{8AE52D10-908A-42B1-9E9D-26FC93388A2A}.Debug|x86.Build.0 = Debug|Any CPU
		{8AE52D10-908A-42B1-9E9D-26FC93388A2A}.Debug|x86.Deploy.0 = Debug|Any CPU
		{8AE52D10-908A-42B1-9E9D-26FC93388A2A}.Release|Any CPU.ActiveCfg = Release|Any CPU
		{8AE52D10-908A-42B1-9E9D-26FC93388A2A}.Release|Any CPU.Build.0 = Release|Any CPU
		{8AE52D10-908A-42B1-9E9D-26FC93388A2A}.Release|Any CPU.Deploy.0 = Release|Any CPU
		{8AE52D10-908A-42B1-9E9D-26FC93388A2A}.Release|ARM.ActiveCfg = Release|Any CPU
		{8AE52D10-908A-42B1-9E9D-26FC93388A2A}.Release|ARM.Build.0 = Release|Any CPU
		{8AE52D10-908A-42B1-9E9D-26FC93388A2A}.Release|ARM.Deploy.0 = Release|Any CPU
		{8AE52D10-908A-42B1-9E9D-26FC93388A2A}.Release|iPhone.ActiveCfg = Release|Any CPU
		{8AE52D10-908A-42B1-9E9D-26FC93388A2A}.Release|iPhone.Build.0 = Release|Any CPU
		{8AE52D10-908A-42B1-9E9D-26FC93388A2A}.Release|iPhone.Deploy.0 = Release|Any CPU
		{8AE52D10-908A-42B1-9E9D-26FC93388A2A}.Release|iPhoneSimulator.ActiveCfg = Release|Any CPU
		{8AE52D10-908A-42B1-9E9D-26FC93388A2A}.Release|iPhoneSimulator.Build.0 = Release|Any CPU
		{8AE52D10-908A-42B1-9E9D-26FC93388A2A}.Release|iPhoneSimulator.Deploy.0 = Release|Any CPU
		{8AE52D10-908A-42B1-9E9D-26FC93388A2A}.Release|x64.ActiveCfg = Release|Any CPU
		{8AE52D10-908A-42B1-9E9D-26FC93388A2A}.Release|x64.Build.0 = Release|Any CPU
		{8AE52D10-908A-42B1-9E9D-26FC93388A2A}.Release|x64.Deploy.0 = Release|Any CPU
		{8AE52D10-908A-42B1-9E9D-26FC93388A2A}.Release|x86.ActiveCfg = Release|Any CPU
		{8AE52D10-908A-42B1-9E9D-26FC93388A2A}.Release|x86.Build.0 = Release|Any CPU
		{8AE52D10-908A-42B1-9E9D-26FC93388A2A}.Release|x86.Deploy.0 = Release|Any CPU
	EndGlobalSection
	GlobalSection(SolutionProperties) = preSolution
		HideSolutionNode = FALSE
	EndGlobalSection
	GlobalSection(ExtensibilityGlobals) = postSolution
		SolutionGuid = {055EB485-A21E-4E34-8F43-CCAE2D555995}
	EndGlobalSection
EndGlobal
